// !$*UTF8*$!
{
	archiveVersion = 1;
	classes = {
	};
	objectVersion = 55;
	objects = {

/* Begin PBXBuildFile section */
		78FA9F072872FF4D009B7D8F /* SDK_SimplePlayerApp.swift in Sources */ = {isa = PBXBuildFile; fileRef = 78FA9F062872FF4D009B7D8F /* SDK_SimplePlayerApp.swift */; };
		78FA9F092872FF4D009B7D8F /* ContentView.swift in Sources */ = {isa = PBXBuildFile; fileRef = 78FA9F082872FF4D009B7D8F /* ContentView.swift */; };
		78FA9F0B2872FF4F009B7D8F /* Assets.xcassets in Resources */ = {isa = PBXBuildFile; fileRef = 78FA9F0A2872FF4F009B7D8F /* Assets.xcassets */; };
		78FA9F0E2872FF4F009B7D8F /* Preview Assets.xcassets in Resources */ = {isa = PBXBuildFile; fileRef = 78FA9F0D2872FF4F009B7D8F /* Preview Assets.xcassets */; };
		78FA9F152872FFBF009B7D8F /* DownloadManager.swift in Sources */ = {isa = PBXBuildFile; fileRef = 78FA9F142872FFBF009B7D8F /* DownloadManager.swift */; };
		78FA9F1828730100009B7D8F /* iOSClientExposurePlayback in Frameworks */ = {isa = PBXBuildFile; productRef = 78FA9F1728730100009B7D8F /* iOSClientExposurePlayback */; };
		78FA9F1B2873011A009B7D8F /* iOSClientExposureDownload in Frameworks */ = {isa = PBXBuildFile; productRef = 78FA9F1A2873011A009B7D8F /* iOSClientExposureDownload */; };
		78FA9F1D2873013C009B7D8F /* CustomVideoPlayer.swift in Sources */ = {isa = PBXBuildFile; fileRef = 78FA9F1C2873013C009B7D8F /* CustomVideoPlayer.swift */; };
		78FA9F1F28730156009B7D8F /* DefaultSkinPlayer.swift in Sources */ = {isa = PBXBuildFile; fileRef = 78FA9F1E28730156009B7D8F /* DefaultSkinPlayer.swift */; };
		78FA9F2228730F56009B7D8F /* README.md in Resources */ = {isa = PBXBuildFile; fileRef = 78FA9F2128730F56009B7D8F /* README.md */; };
		78FA9F24287325D5009B7D8F /* PlayerViewController.swift in Sources */ = {isa = PBXBuildFile; fileRef = 78FA9F23287325D5009B7D8F /* PlayerViewController.swift */; };
		78FA9F2728732698009B7D8F /* iOSClientCast in Frameworks */ = {isa = PBXBuildFile; productRef = 78FA9F2628732698009B7D8F /* iOSClientCast */; };
		78FA9F2928732716009B7D8F /* ProgramBasedTimeline.swift in Sources */ = {isa = PBXBuildFile; fileRef = 78FA9F2828732716009B7D8F /* ProgramBasedTimeline.swift */; };
		78FA9F2B2873277E009B7D8F /* UIView+Anchor.swift in Sources */ = {isa = PBXBuildFile; fileRef = 78FA9F2A2873277E009B7D8F /* UIView+Anchor.swift */; };
		78FA9F2D287327A3009B7D8F /* Int+timeFormat.swift in Sources */ = {isa = PBXBuildFile; fileRef = 78FA9F2C287327A3009B7D8F /* Int+timeFormat.swift */; };
		78FA9F2F2873281C009B7D8F /* VodBasedTimeline.swift in Sources */ = {isa = PBXBuildFile; fileRef = 78FA9F2E2873281C009B7D8F /* VodBasedTimeline.swift */; };
/* End PBXBuildFile section */

/* Begin PBXFileReference section */
		78FA9F032872FF4D009B7D8F /* SDK SimplePlayer.app */ = {isa = PBXFileReference; explicitFileType = wrapper.application; includeInIndex = 0; path = "SDK SimplePlayer.app"; sourceTree = BUILT_PRODUCTS_DIR; };
		78FA9F062872FF4D009B7D8F /* SDK_SimplePlayerApp.swift */ = {isa = PBXFileReference; lastKnownFileType = sourcecode.swift; path = SDK_SimplePlayerApp.swift; sourceTree = "<group>"; };
		78FA9F082872FF4D009B7D8F /* ContentView.swift */ = {isa = PBXFileReference; lastKnownFileType = sourcecode.swift; path = ContentView.swift; sourceTree = "<group>"; };
		78FA9F0A2872FF4F009B7D8F /* Assets.xcassets */ = {isa = PBXFileReference; lastKnownFileType = folder.assetcatalog; path = Assets.xcassets; sourceTree = "<group>"; };
		78FA9F0D2872FF4F009B7D8F /* Preview Assets.xcassets */ = {isa = PBXFileReference; lastKnownFileType = folder.assetcatalog; path = "Preview Assets.xcassets"; sourceTree = "<group>"; };
		78FA9F142872FFBF009B7D8F /* DownloadManager.swift */ = {isa = PBXFileReference; lastKnownFileType = sourcecode.swift; path = DownloadManager.swift; sourceTree = "<group>"; };
		78FA9F1C2873013C009B7D8F /* CustomVideoPlayer.swift */ = {isa = PBXFileReference; lastKnownFileType = sourcecode.swift; path = CustomVideoPlayer.swift; sourceTree = "<group>"; };
		78FA9F1E28730156009B7D8F /* DefaultSkinPlayer.swift */ = {isa = PBXFileReference; lastKnownFileType = sourcecode.swift; path = DefaultSkinPlayer.swift; sourceTree = "<group>"; };
		78FA9F2128730F56009B7D8F /* README.md */ = {isa = PBXFileReference; fileEncoding = 4; lastKnownFileType = net.daringfireball.markdown; path = README.md; sourceTree = "<group>"; };
		78FA9F23287325D5009B7D8F /* PlayerViewController.swift */ = {isa = PBXFileReference; lastKnownFileType = sourcecode.swift; path = PlayerViewController.swift; sourceTree = "<group>"; };
		78FA9F2828732716009B7D8F /* ProgramBasedTimeline.swift */ = {isa = PBXFileReference; lastKnownFileType = sourcecode.swift; path = ProgramBasedTimeline.swift; sourceTree = "<group>"; };
		78FA9F2A2873277E009B7D8F /* UIView+Anchor.swift */ = {isa = PBXFileReference; lastKnownFileType = sourcecode.swift; path = "UIView+Anchor.swift"; sourceTree = "<group>"; };
		78FA9F2C287327A3009B7D8F /* Int+timeFormat.swift */ = {isa = PBXFileReference; lastKnownFileType = sourcecode.swift; path = "Int+timeFormat.swift"; sourceTree = "<group>"; };
		78FA9F2E2873281C009B7D8F /* VodBasedTimeline.swift */ = {isa = PBXFileReference; lastKnownFileType = sourcecode.swift; path = VodBasedTimeline.swift; sourceTree = "<group>"; };
/* End PBXFileReference section */

/* Begin PBXFrameworksBuildPhase section */
		78FA9F002872FF4D009B7D8F /* Frameworks */ = {
			isa = PBXFrameworksBuildPhase;
			buildActionMask = 2147483647;
			files = (
				78FA9F1B2873011A009B7D8F /* iOSClientExposureDownload in Frameworks */,
				78FA9F2728732698009B7D8F /* iOSClientCast in Frameworks */,
				78FA9F1828730100009B7D8F /* iOSClientExposurePlayback in Frameworks */,
			);
			runOnlyForDeploymentPostprocessing = 0;
		};
/* End PBXFrameworksBuildPhase section */

/* Begin PBXGroup section */
		78FA9EFA2872FF4D009B7D8F = {
			isa = PBXGroup;
			children = (
				78FA9F2128730F56009B7D8F /* README.md */,
				78FA9F052872FF4D009B7D8F /* SDK SimplePlayer */,
				78FA9F042872FF4D009B7D8F /* Products */,
			);
			sourceTree = "<group>";
		};
		78FA9F042872FF4D009B7D8F /* Products */ = {
			isa = PBXGroup;
			children = (
				78FA9F032872FF4D009B7D8F /* SDK SimplePlayer.app */,
			);
			name = Products;
			sourceTree = "<group>";
		};
		78FA9F052872FF4D009B7D8F /* SDK SimplePlayer */ = {
			isa = PBXGroup;
			children = (
				78FA9F062872FF4D009B7D8F /* SDK_SimplePlayerApp.swift */,
				78FA9F082872FF4D009B7D8F /* ContentView.swift */,
				78FA9F142872FFBF009B7D8F /* DownloadManager.swift */,
				78FA9F1C2873013C009B7D8F /* CustomVideoPlayer.swift */,
				78FA9F1E28730156009B7D8F /* DefaultSkinPlayer.swift */,
				78FA9F23287325D5009B7D8F /* PlayerViewController.swift */,
				78FA9F0A2872FF4F009B7D8F /* Assets.xcassets */,
				78FA9F0C2872FF4F009B7D8F /* Preview Content */,
				78FA9F2828732716009B7D8F /* ProgramBasedTimeline.swift */,
				78FA9F2A2873277E009B7D8F /* UIView+Anchor.swift */,
				78FA9F2C287327A3009B7D8F /* Int+timeFormat.swift */,
				78FA9F2E2873281C009B7D8F /* VodBasedTimeline.swift */,
			);
			path = "SDK SimplePlayer";
			sourceTree = "<group>";
		};
		78FA9F0C2872FF4F009B7D8F /* Preview Content */ = {
			isa = PBXGroup;
			children = (
				78FA9F0D2872FF4F009B7D8F /* Preview Assets.xcassets */,
			);
			path = "Preview Content";
			sourceTree = "<group>";
		};
/* End PBXGroup section */

/* Begin PBXNativeTarget section */
		78FA9F022872FF4D009B7D8F /* SDK SimplePlayer */ = {
			isa = PBXNativeTarget;
			buildConfigurationList = 78FA9F112872FF4F009B7D8F /* Build configuration list for PBXNativeTarget "SDK SimplePlayer" */;
			buildPhases = (
				78FA9EFF2872FF4D009B7D8F /* Sources */,
				78FA9F002872FF4D009B7D8F /* Frameworks */,
				78FA9F012872FF4D009B7D8F /* Resources */,
			);
			buildRules = (
			);
			dependencies = (
			);
			name = "SDK SimplePlayer";
			packageProductDependencies = (
				78FA9F1728730100009B7D8F /* iOSClientExposurePlayback */,
				78FA9F1A2873011A009B7D8F /* iOSClientExposureDownload */,
				78FA9F2628732698009B7D8F /* iOSClientCast */,
			);
			productName = "SDK SimplePlayer";
			productReference = 78FA9F032872FF4D009B7D8F /* SDK SimplePlayer.app */;
			productType = "com.apple.product-type.application";
		};
/* End PBXNativeTarget section */

/* Begin PBXProject section */
		78FA9EFB2872FF4D009B7D8F /* Project object */ = {
			isa = PBXProject;
			attributes = {
				BuildIndependentTargetsInParallel = 1;
				LastSwiftUpdateCheck = 1320;
				LastUpgradeCheck = 1320;
				TargetAttributes = {
					78FA9F022872FF4D009B7D8F = {
						CreatedOnToolsVersion = 13.2;
					};
				};
			};
			buildConfigurationList = 78FA9EFE2872FF4D009B7D8F /* Build configuration list for PBXProject "SDK SimplePlayer" */;
			compatibilityVersion = "Xcode 13.0";
			developmentRegion = en;
			hasScannedForEncodings = 0;
			knownRegions = (
				en,
				Base,
			);
			mainGroup = 78FA9EFA2872FF4D009B7D8F;
			packageReferences = (
				78FA9F1628730100009B7D8F /* XCRemoteSwiftPackageReference "iOSClientExposurePlayback" */,
				78FA9F192873011A009B7D8F /* XCRemoteSwiftPackageReference "iOSClientExposureDownload" */,
				78FA9F2528732698009B7D8F /* XCRemoteSwiftPackageReference "iOSClientCast" */,
			);
			productRefGroup = 78FA9F042872FF4D009B7D8F /* Products */;
			projectDirPath = "";
			projectRoot = "";
			targets = (
				78FA9F022872FF4D009B7D8F /* SDK SimplePlayer */,
			);
		};
/* End PBXProject section */

/* Begin PBXResourcesBuildPhase section */
		78FA9F012872FF4D009B7D8F /* Resources */ = {
			isa = PBXResourcesBuildPhase;
			buildActionMask = 2147483647;
			files = (
				78FA9F2228730F56009B7D8F /* README.md in Resources */,
				78FA9F0E2872FF4F009B7D8F /* Preview Assets.xcassets in Resources */,
				78FA9F0B2872FF4F009B7D8F /* Assets.xcassets in Resources */,
			);
			runOnlyForDeploymentPostprocessing = 0;
		};
/* End PBXResourcesBuildPhase section */

/* Begin PBXSourcesBuildPhase section */
		78FA9EFF2872FF4D009B7D8F /* Sources */ = {
			isa = PBXSourcesBuildPhase;
			buildActionMask = 2147483647;
			files = (
				78FA9F092872FF4D009B7D8F /* ContentView.swift in Sources */,
				78FA9F2D287327A3009B7D8F /* Int+timeFormat.swift in Sources */,
				78FA9F1D2873013C009B7D8F /* CustomVideoPlayer.swift in Sources */,
				78FA9F2928732716009B7D8F /* ProgramBasedTimeline.swift in Sources */,
				78FA9F152872FFBF009B7D8F /* DownloadManager.swift in Sources */,
				78FA9F072872FF4D009B7D8F /* SDK_SimplePlayerApp.swift in Sources */,
				78FA9F2F2873281C009B7D8F /* VodBasedTimeline.swift in Sources */,
				78FA9F2B2873277E009B7D8F /* UIView+Anchor.swift in Sources */,
				78FA9F1F28730156009B7D8F /* DefaultSkinPlayer.swift in Sources */,
				78FA9F24287325D5009B7D8F /* PlayerViewController.swift in Sources */,
			);
			runOnlyForDeploymentPostprocessing = 0;
		};
/* End PBXSourcesBuildPhase section */

/* Begin XCBuildConfiguration section */
		78FA9F0F2872FF4F009B7D8F /* Debug */ = {
			isa = XCBuildConfiguration;
			buildSettings = {
				ALWAYS_SEARCH_USER_PATHS = NO;
				CLANG_ANALYZER_NONNULL = YES;
				CLANG_ANALYZER_NUMBER_OBJECT_CONVERSION = YES_AGGRESSIVE;
				CLANG_CXX_LANGUAGE_STANDARD = "gnu++17";
				CLANG_CXX_LIBRARY = "libc++";
				CLANG_ENABLE_MODULES = YES;
				CLANG_ENABLE_OBJC_ARC = YES;
				CLANG_ENABLE_OBJC_WEAK = YES;
				CLANG_WARN_BLOCK_CAPTURE_AUTORELEASING = YES;
				CLANG_WARN_BOOL_CONVERSION = YES;
				CLANG_WARN_COMMA = YES;
				CLANG_WARN_CONSTANT_CONVERSION = YES;
				CLANG_WARN_DEPRECATED_OBJC_IMPLEMENTATIONS = YES;
				CLANG_WARN_DIRECT_OBJC_ISA_USAGE = YES_ERROR;
				CLANG_WARN_DOCUMENTATION_COMMENTS = YES;
				CLANG_WARN_EMPTY_BODY = YES;
				CLANG_WARN_ENUM_CONVERSION = YES;
				CLANG_WARN_INFINITE_RECURSION = YES;
				CLANG_WARN_INT_CONVERSION = YES;
				CLANG_WARN_NON_LITERAL_NULL_CONVERSION = YES;
				CLANG_WARN_OBJC_IMPLICIT_RETAIN_SELF = YES;
				CLANG_WARN_OBJC_LITERAL_CONVERSION = YES;
				CLANG_WARN_OBJC_ROOT_CLASS = YES_ERROR;
				CLANG_WARN_QUOTED_INCLUDE_IN_FRAMEWORK_HEADER = YES;
				CLANG_WARN_RANGE_LOOP_ANALYSIS = YES;
				CLANG_WARN_STRICT_PROTOTYPES = YES;
				CLANG_WARN_SUSPICIOUS_MOVE = YES;
				CLANG_WARN_UNGUARDED_AVAILABILITY = YES_AGGRESSIVE;
				CLANG_WARN_UNREACHABLE_CODE = YES;
				CLANG_WARN__DUPLICATE_METHOD_MATCH = YES;
				COPY_PHASE_STRIP = NO;
				DEBUG_INFORMATION_FORMAT = dwarf;
				ENABLE_STRICT_OBJC_MSGSEND = YES;
				ENABLE_TESTABILITY = YES;
				GCC_C_LANGUAGE_STANDARD = gnu11;
				GCC_DYNAMIC_NO_PIC = NO;
				GCC_NO_COMMON_BLOCKS = YES;
				GCC_OPTIMIZATION_LEVEL = 0;
				GCC_PREPROCESSOR_DEFINITIONS = (
					"DEBUG=1",
					"$(inherited)",
				);
				GCC_WARN_64_TO_32_BIT_CONVERSION = YES;
				GCC_WARN_ABOUT_RETURN_TYPE = YES_ERROR;
				GCC_WARN_UNDECLARED_SELECTOR = YES;
				GCC_WARN_UNINITIALIZED_AUTOS = YES_AGGRESSIVE;
				GCC_WARN_UNUSED_FUNCTION = YES;
				GCC_WARN_UNUSED_VARIABLE = YES;
				IPHONEOS_DEPLOYMENT_TARGET = 14.0;
				MTL_ENABLE_DEBUG_INFO = INCLUDE_SOURCE;
				MTL_FAST_MATH = YES;
				ONLY_ACTIVE_ARCH = YES;
				SDKROOT = iphoneos;
				SWIFT_ACTIVE_COMPILATION_CONDITIONS = DEBUG;
				SWIFT_OPTIMIZATION_LEVEL = "-Onone";
			};
			name = Debug;
		};
		78FA9F102872FF4F009B7D8F /* Release */ = {
			isa = XCBuildConfiguration;
			buildSettings = {
				ALWAYS_SEARCH_USER_PATHS = NO;
				CLANG_ANALYZER_NONNULL = YES;
				CLANG_ANALYZER_NUMBER_OBJECT_CONVERSION = YES_AGGRESSIVE;
				CLANG_CXX_LANGUAGE_STANDARD = "gnu++17";
				CLANG_CXX_LIBRARY = "libc++";
				CLANG_ENABLE_MODULES = YES;
				CLANG_ENABLE_OBJC_ARC = YES;
				CLANG_ENABLE_OBJC_WEAK = YES;
				CLANG_WARN_BLOCK_CAPTURE_AUTORELEASING = YES;
				CLANG_WARN_BOOL_CONVERSION = YES;
				CLANG_WARN_COMMA = YES;
				CLANG_WARN_CONSTANT_CONVERSION = YES;
				CLANG_WARN_DEPRECATED_OBJC_IMPLEMENTATIONS = YES;
				CLANG_WARN_DIRECT_OBJC_ISA_USAGE = YES_ERROR;
				CLANG_WARN_DOCUMENTATION_COMMENTS = YES;
				CLANG_WARN_EMPTY_BODY = YES;
				CLANG_WARN_ENUM_CONVERSION = YES;
				CLANG_WARN_INFINITE_RECURSION = YES;
				CLANG_WARN_INT_CONVERSION = YES;
				CLANG_WARN_NON_LITERAL_NULL_CONVERSION = YES;
				CLANG_WARN_OBJC_IMPLICIT_RETAIN_SELF = YES;
				CLANG_WARN_OBJC_LITERAL_CONVERSION = YES;
				CLANG_WARN_OBJC_ROOT_CLASS = YES_ERROR;
				CLANG_WARN_QUOTED_INCLUDE_IN_FRAMEWORK_HEADER = YES;
				CLANG_WARN_RANGE_LOOP_ANALYSIS = YES;
				CLANG_WARN_STRICT_PROTOTYPES = YES;
				CLANG_WARN_SUSPICIOUS_MOVE = YES;
				CLANG_WARN_UNGUARDED_AVAILABILITY = YES_AGGRESSIVE;
				CLANG_WARN_UNREACHABLE_CODE = YES;
				CLANG_WARN__DUPLICATE_METHOD_MATCH = YES;
				COPY_PHASE_STRIP = NO;
				DEBUG_INFORMATION_FORMAT = "dwarf-with-dsym";
				ENABLE_NS_ASSERTIONS = NO;
				ENABLE_STRICT_OBJC_MSGSEND = YES;
				GCC_C_LANGUAGE_STANDARD = gnu11;
				GCC_NO_COMMON_BLOCKS = YES;
				GCC_WARN_64_TO_32_BIT_CONVERSION = YES;
				GCC_WARN_ABOUT_RETURN_TYPE = YES_ERROR;
				GCC_WARN_UNDECLARED_SELECTOR = YES;
				GCC_WARN_UNINITIALIZED_AUTOS = YES_AGGRESSIVE;
				GCC_WARN_UNUSED_FUNCTION = YES;
				GCC_WARN_UNUSED_VARIABLE = YES;
				IPHONEOS_DEPLOYMENT_TARGET = 14.0;
				MTL_ENABLE_DEBUG_INFO = NO;
				MTL_FAST_MATH = YES;
				SDKROOT = iphoneos;
				SWIFT_COMPILATION_MODE = wholemodule;
				SWIFT_OPTIMIZATION_LEVEL = "-O";
				VALIDATE_PRODUCT = YES;
			};
			name = Release;
		};
		78FA9F122872FF4F009B7D8F /* Debug */ = {
			isa = XCBuildConfiguration;
			buildSettings = {
				ASSETCATALOG_COMPILER_APPICON_NAME = AppIcon;
				ASSETCATALOG_COMPILER_GLOBAL_ACCENT_COLOR_NAME = AccentColor;
				CODE_SIGN_STYLE = Manual;
				CURRENT_PROJECT_VERSION = 1;
				DEVELOPMENT_ASSET_PATHS = "\"SDK SimplePlayer/Preview Content\"";
				DEVELOPMENT_TEAM = "";
				ENABLE_PREVIEWS = YES;
				GENERATE_INFOPLIST_FILE = YES;
				INFOPLIST_KEY_UIApplicationSceneManifest_Generation = YES;
				INFOPLIST_KEY_UIApplicationSupportsIndirectInputEvents = YES;
				INFOPLIST_KEY_UILaunchScreen_Generation = YES;
				INFOPLIST_KEY_UISupportedInterfaceOrientations_iPad = "UIInterfaceOrientationPortrait UIInterfaceOrientationPortraitUpsideDown UIInterfaceOrientationLandscapeLeft UIInterfaceOrientationLandscapeRight";
				INFOPLIST_KEY_UISupportedInterfaceOrientations_iPhone = "UIInterfaceOrientationPortrait UIInterfaceOrientationLandscapeLeft UIInterfaceOrientationLandscapeRight";
				LD_RUNPATH_SEARCH_PATHS = (
					"$(inherited)",
					"@executable_path/Frameworks",
				);
				MARKETING_VERSION = 1.0;
				PRODUCT_BUNDLE_IDENTIFIER = "com.emp.SDKSimplePlayer.SDK-SimplePlayer";
				PRODUCT_NAME = "$(TARGET_NAME)";
				PROVISIONING_PROFILE_SPECIFIER = "";
				SWIFT_EMIT_LOC_STRINGS = YES;
				SWIFT_VERSION = 5.0;
				TARGETED_DEVICE_FAMILY = "1,2";
			};
			name = Debug;
		};
		78FA9F132872FF4F009B7D8F /* Release */ = {
			isa = XCBuildConfiguration;
			buildSettings = {
				ASSETCATALOG_COMPILER_APPICON_NAME = AppIcon;
				ASSETCATALOG_COMPILER_GLOBAL_ACCENT_COLOR_NAME = AccentColor;
				CODE_SIGN_STYLE = Manual;
				CURRENT_PROJECT_VERSION = 1;
				DEVELOPMENT_ASSET_PATHS = "\"SDK SimplePlayer/Preview Content\"";
				DEVELOPMENT_TEAM = "";
				ENABLE_PREVIEWS = YES;
				GENERATE_INFOPLIST_FILE = YES;
				INFOPLIST_KEY_UIApplicationSceneManifest_Generation = YES;
				INFOPLIST_KEY_UIApplicationSupportsIndirectInputEvents = YES;
				INFOPLIST_KEY_UILaunchScreen_Generation = YES;
				INFOPLIST_KEY_UISupportedInterfaceOrientations_iPad = "UIInterfaceOrientationPortrait UIInterfaceOrientationPortraitUpsideDown UIInterfaceOrientationLandscapeLeft UIInterfaceOrientationLandscapeRight";
				INFOPLIST_KEY_UISupportedInterfaceOrientations_iPhone = "UIInterfaceOrientationPortrait UIInterfaceOrientationLandscapeLeft UIInterfaceOrientationLandscapeRight";
				LD_RUNPATH_SEARCH_PATHS = (
					"$(inherited)",
					"@executable_path/Frameworks",
				);
				MARKETING_VERSION = 1.0;
				PRODUCT_BUNDLE_IDENTIFIER = "com.emp.SDKSimplePlayer.SDK-SimplePlayer";
				PRODUCT_NAME = "$(TARGET_NAME)";
				PROVISIONING_PROFILE_SPECIFIER = "";
				SWIFT_EMIT_LOC_STRINGS = YES;
				SWIFT_VERSION = 5.0;
				TARGETED_DEVICE_FAMILY = "1,2";
			};
			name = Release;
		};
/* End XCBuildConfiguration section */

/* Begin XCConfigurationList section */
		78FA9EFE2872FF4D009B7D8F /* Build configuration list for PBXProject "SDK SimplePlayer" */ = {
			isa = XCConfigurationList;
			buildConfigurations = (
				78FA9F0F2872FF4F009B7D8F /* Debug */,
				78FA9F102872FF4F009B7D8F /* Release */,
			);
			defaultConfigurationIsVisible = 0;
			defaultConfigurationName = Release;
		};
		78FA9F112872FF4F009B7D8F /* Build configuration list for PBXNativeTarget "SDK SimplePlayer" */ = {
			isa = XCConfigurationList;
			buildConfigurations = (
				78FA9F122872FF4F009B7D8F /* Debug */,
				78FA9F132872FF4F009B7D8F /* Release */,
			);
			defaultConfigurationIsVisible = 0;
			defaultConfigurationName = Release;
		};
/* End XCConfigurationList section */

/* Begin XCRemoteSwiftPackageReference section */
		78FA9F1628730100009B7D8F /* XCRemoteSwiftPackageReference "iOSClientExposurePlayback" */ = {
			isa = XCRemoteSwiftPackageReference;
			repositoryURL = "https://github.com/EricssonBroadcastServices/iOSClientExposurePlayback";
			requirement = {
				branch = master;
				kind = branch;
			};
		};
		78FA9F192873011A009B7D8F /* XCRemoteSwiftPackageReference "iOSClientExposureDownload" */ = {
			isa = XCRemoteSwiftPackageReference;
			repositoryURL = "https://github.com/EricssonBroadcastServices/iOSClientExposureDownload.git";
			requirement = {
				branch = master;
				kind = branch;
			};
		};
		78FA9F2528732698009B7D8F /* XCRemoteSwiftPackageReference "iOSClientCast" */ = {
			isa = XCRemoteSwiftPackageReference;
			repositoryURL = "https://github.com/EricssonBroadcastServices/iOSClientCast.git";
			requirement = {
				branch = master;
				kind = branch;
			};
		};
/* End XCRemoteSwiftPackageReference section */

/* Begin XCSwiftPackageProductDependency section */
		78FA9F1728730100009B7D8F /* iOSClientExposurePlayback */ = {
			isa = XCSwiftPackageProductDependency;
			package = 78FA9F1628730100009B7D8F /* XCRemoteSwiftPackageReference "iOSClientExposurePlayback" */;
			productName = iOSClientExposurePlayback;
		};
		78FA9F1A2873011A009B7D8F /* iOSClientExposureDownload */ = {
			isa = XCSwiftPackageProductDependency;
			package = 78FA9F192873011A009B7D8F /* XCRemoteSwiftPackageReference "iOSClientExposureDownload" */;
			productName = iOSClientExposureDownload;
		};
		78FA9F2628732698009B7D8F /* iOSClientCast */ = {
			isa = XCSwiftPackageProductDependency;
			package = 78FA9F2528732698009B7D8F /* XCRemoteSwiftPackageReference "iOSClientCast" */;
			productName = iOSClientCast;
		};
/* End XCSwiftPackageProductDependency section */
	};
	rootObject = 78FA9EFB2872FF4D009B7D8F /* Project object */;
}
